
Microsoft Visual Studio Solution File, Format Version 12.00
# Visual Studio Version 17
VisualStudioVersion = 17.5.33627.172
MinimumVisualStudioVersion = 10.0.40219.1
Project("{8BC9CEB8-8B4A-11D0-8D11-00A0C91BC942}") = "HeightMapMeshing", "HeightMapMeshing.vcxproj", "{C6BCF9B7-B3B2-4315-81A4-B4B384D295A7}"
EndProject
Global
	GlobalSection(SolutionConfigurationPlatforms) = preSolution
		Debug|x64 = Debug|x64
		Debug|x86 = Debug|x86
		Release|x64 = Release|x64
		Release|x86 = Release|x86
	EndGlobalSection
	GlobalSection(ProjectConfigurationPlatforms) = postSolution
		{C6BCF9B7-B3B2-4315-81A4-B4B384D295A7}.Debug|x64.ActiveCfg = Debug|x64
		{C6BCF9B7-B3B2-4315-81A4-B4B384D295A7}.Debug|x64.Build.0 = Debug|x64
		{C6BCF9B7-B3B2-4315-81A4-B4B384D295A7}.Debug|x86.ActiveCfg = Debug|Win32
		{C6BCF9B7-B3B2-4315-81A4-B4B384D295A7}.Debug|x86.Build.0 = Debug|Win32
		{C6BCF9B7-B3B2-4315-81A4-B4B384D295A7}.Release|x64.ActiveCfg = Release|x64
		{C6BCF9B7-B3B2-4315-81A4-B4B384D295A7}.Release|x64.Build.0 = Release|x64
		{C6BCF9B7-B3B2-4315-81A4-B4B384D295A7}.Release|x86.ActiveCfg = Release|Win32
		{C6BCF9B7-B3B2-4315-81A4-B4B384D295A7}.Release|x86.Build.0 = Release|Win32
	EndGlobalSection
	GlobalSection(SolutionProperties) = preSolution
		HideSolutionNode = FALSE
	EndGlobalSection
	GlobalSection(ExtensibilityGlobals) = postSolution
		SolutionGuid = {F6045674-F948-481B-BCAA-B82DB2D16CC5}
	EndGlobalSection
EndGlobal
